{
    "version": 3,
    "terraform_version": "0.11.10",
    "serial": 2,
    "lineage": "0fbef2c1-789b-f8d3-4a08-8817011e2eff",
    "modules": [
        {
            "path": [
                "root"
            ],
            "outputs": {},
            "resources": {
                "digitalocean_loadbalancer.ProyectAtlas-V2": {
                    "type": "digitalocean_loadbalancer",
                    "depends_on": [
                        "digitalocean_tag.ProyectAtlas-V2-tag"
                    ],
                    "primary": {
                        "id": "bf4f5068-56c6-4a17-b463-0c7d61d45c67",
                        "attributes": {
                            "algorithm": "round_robin",
                            "droplet_ids.#": "0",
                            "droplet_tag": "WebSite-V2",
                            "forwarding_rule.#": "1",
                            "forwarding_rule.0.certificate_id": "",
                            "forwarding_rule.0.entry_port": "80",
                            "forwarding_rule.0.entry_protocol": "http",
                            "forwarding_rule.0.target_port": "3000",
                            "forwarding_rule.0.target_protocol": "http",
                            "forwarding_rule.0.tls_passthrough": "false",
                            "healthcheck.#": "1",
                            "healthcheck.0.check_interval_seconds": "10",
                            "healthcheck.0.healthy_threshold": "5",
                            "healthcheck.0.path": "/",
                            "healthcheck.0.port": "3000",
                            "healthcheck.0.protocol": "http",
                            "healthcheck.0.response_timeout_seconds": "5",
                            "healthcheck.0.unhealthy_threshold": "3",
                            "id": "bf4f5068-56c6-4a17-b463-0c7d61d45c67",
                            "ip": "159.89.244.96",
                            "name": "DevOps-Balancer",
                            "redirect_http_to_https": "false",
                            "region": "nyc3",
                            "status": "active",
                            "sticky_sessions.#": "1",
                            "sticky_sessions.0.cookie_name": "",
                            "sticky_sessions.0.cookie_ttl_seconds": "0",
                            "sticky_sessions.0.type": "none"
                        },
                        "meta": {},
                        "tainted": false
                    },
                    "deposed": [],
                    "provider": "provider.digitalocean"
                },
                "digitalocean_tag.ProyectAtlas-V2-tag": {
                    "type": "digitalocean_tag",
                    "depends_on": [],
                    "primary": {
                        "id": "WebSite-V2",
                        "attributes": {
                            "id": "WebSite-V2",
                            "name": "WebSite-V2"
                        },
                        "meta": {},
                        "tainted": false
                    },
                    "deposed": [],
                    "provider": "provider.digitalocean"
                }
            },
            "depends_on": []
        }
    ]
}
