{
    "version": 3,
    "terraform_version": "0.11.10",
    "serial": 8,
    "lineage": "0c0b265d-0ee1-ef28-94e2-a03d676b52e0",
    "modules": [
        {
            "path": [
                "root"
            ],
            "outputs": {},
            "resources": {
                "digitalocean_droplet.ProyectAtlas-V2.0": {
                    "type": "digitalocean_droplet",
                    "depends_on": [
                        "digitalocean_tag.devops-tag"
                    ],
                    "primary": {
                        "id": "118482447",
                        "attributes": {
                            "backups": "false",
                            "disk": "25",
                            "id": "118482447",
                            "image": "40048038",
                            "ipv4_address": "142.93.71.39",
                            "ipv4_address_private": "",
                            "ipv6": "false",
                            "ipv6_address": "",
                            "ipv6_address_private": "",
                            "locked": "false",
                            "memory": "1024",
                            "monitoring": "false",
                            "name": "ProyectAtlas-V2",
                            "price_hourly": "0.00744",
                            "price_monthly": "5",
                            "private_networking": "false",
                            "region": "nyc3",
                            "resize_disk": "true",
                            "size": "s-1vcpu-1gb",
                            "ssh_keys.#": "1",
                            "ssh_keys.3848704545": "00:35:99:54:be:3d:5a:b4:c7:64:6c:c6:ed:4f:c8:e7",
                            "status": "active",
                            "tags.#": "1",
                            "tags.13834979": "WebSite-V2",
                            "user_data": "0bf93272822e3b893ad8b071f71d28dde8d95857",
                            "vcpus": "1",
                            "volume_ids.#": "0"
                        },
                        "meta": {
                            "schema_version": "1"
                        },
                        "tainted": false
                    },
                    "deposed": [],
                    "provider": "provider.digitalocean"
                },
                "digitalocean_droplet.ProyectAtlas-V2.1": {
                    "type": "digitalocean_droplet",
                    "depends_on": [
                        "digitalocean_tag.devops-tag"
                    ],
                    "primary": {
                        "id": "118482444",
                        "attributes": {
                            "backups": "false",
                            "disk": "25",
                            "id": "118482444",
                            "image": "40048038",
                            "ipv4_address": "45.55.40.27",
                            "ipv4_address_private": "",
                            "ipv6": "false",
                            "ipv6_address": "",
                            "ipv6_address_private": "",
                            "locked": "false",
                            "memory": "1024",
                            "monitoring": "false",
                            "name": "ProyectAtlas-V2",
                            "price_hourly": "0.00744",
                            "price_monthly": "5",
                            "private_networking": "false",
                            "region": "nyc3",
                            "resize_disk": "true",
                            "size": "s-1vcpu-1gb",
                            "ssh_keys.#": "1",
                            "ssh_keys.3848704545": "00:35:99:54:be:3d:5a:b4:c7:64:6c:c6:ed:4f:c8:e7",
                            "status": "active",
                            "tags.#": "1",
                            "tags.13834979": "WebSite-V2",
                            "user_data": "0bf93272822e3b893ad8b071f71d28dde8d95857",
                            "vcpus": "1",
                            "volume_ids.#": "0"
                        },
                        "meta": {
                            "schema_version": "1"
                        },
                        "tainted": false
                    },
                    "deposed": [],
                    "provider": "provider.digitalocean"
                },
                "digitalocean_droplet.ProyectAtlas-V2.2": {
                    "type": "digitalocean_droplet",
                    "depends_on": [
                        "digitalocean_tag.devops-tag"
                    ],
                    "primary": {
                        "id": "118482442",
                        "attributes": {
                            "backups": "false",
                            "disk": "25",
                            "id": "118482442",
                            "image": "40048038",
                            "ipv4_address": "142.93.75.36",
                            "ipv4_address_private": "",
                            "ipv6": "false",
                            "ipv6_address": "",
                            "ipv6_address_private": "",
                            "locked": "false",
                            "memory": "1024",
                            "monitoring": "false",
                            "name": "ProyectAtlas-V2",
                            "price_hourly": "0.00744",
                            "price_monthly": "5",
                            "private_networking": "false",
                            "region": "nyc3",
                            "resize_disk": "true",
                            "size": "s-1vcpu-1gb",
                            "ssh_keys.#": "1",
                            "ssh_keys.3848704545": "00:35:99:54:be:3d:5a:b4:c7:64:6c:c6:ed:4f:c8:e7",
                            "status": "active",
                            "tags.#": "1",
                            "tags.13834979": "WebSite-V2",
                            "user_data": "0bf93272822e3b893ad8b071f71d28dde8d95857",
                            "vcpus": "1",
                            "volume_ids.#": "0"
                        },
                        "meta": {
                            "schema_version": "1"
                        },
                        "tainted": false
                    },
                    "deposed": [],
                    "provider": "provider.digitalocean"
                }
            },
            "depends_on": []
        }
    ]
}
